
Microsoft Visual Studio Solution File, Format Version 12.00
# Visual Studio 15
VisualStudioVersion = 15.0.28307.1062
MinimumVisualStudioVersion = 10.0.40219.1
Project("{FAE04EC0-301F-11D3-BF4B-00C04F79EFBC}") = "PolymorphCollection_2668", "PolymorphCollection_2668\PolymorphCollection_2668.csproj", "{259B4C79-1B66-4EBD-9940-B32E7653E199}"
EndProject
Global
	GlobalSection(SolutionConfigurationPlatforms) = preSolution
		Debug|Any CPU = Debug|Any CPU
		Release|Any CPU = Release|Any CPU
	EndGlobalSection
	GlobalSection(ProjectConfigurationPlatforms) = postSolution
		{259B4C79-1B66-4EBD-9940-B32E7653E199}.Debug|Any CPU.ActiveCfg = Debug|Any CPU
		{259B4C79-1B66-4EBD-9940-B32E7653E199}.Debug|Any CPU.Build.0 = Debug|Any CPU
		{259B4C79-1B66-4EBD-9940-B32E7653E199}.Release|Any CPU.ActiveCfg = Release|Any CPU
		{259B4C79-1B66-4EBD-9940-B32E7653E199}.Release|Any CPU.Build.0 = Release|Any CPU
	EndGlobalSection
	GlobalSection(SolutionProperties) = preSolution
		HideSolutionNode = FALSE
	EndGlobalSection
	GlobalSection(ExtensibilityGlobals) = postSolution
		SolutionGuid = {58B2997C-9C21-40D8-A733-2ABA4B0C2CE9}
	EndGlobalSection
EndGlobal
